hash: d6ad343e324298c7a5f29332bcee5be6536dcf8e8475aae2ff4b5bfc82810fed
updated: 2017-06-21T19:00:24.80729199+02:00
imports:
- name: github.com/apex/log
  version: 8f3a15d95392c8fc202d1e1059f46df21dff2992
- name: github.com/kr/pretty
  version: cfb55aafdaf3ec08f0db22699ab822c50091b1c4
- name: github.com/kr/text
  version: 7cafcd837844e784b526369c9bce262804aebc60
- name: github.com/pkg/errors
  version: c605e284fe17294bda444b34710735b29d1a9d90
- name: github.com/urfave/cli
  version: d70f47eeca3afd795160003bc6e28b001d60c67c
testImports:
- name: github.com/davecgh/go-spew
  version: 04cdfd42973bb9c8589fd6a731800cf222fde1a9
  subpackages:
  - spew
- name: github.com/pmezard/go-difflib
  version: d8ed2627bdf02c080bf22230dbb337003b7aba2d
  subpackages:
  - difflib
- name: github.com/stretchr/testify
  version: f6abca593680b2315d2075e0f5e2a9751e3f431a
  subpackages:
  - assert
- name: gopkg.in/jarcoal/httpmock.v1
  version: cf52904a3cf0f78f199ecade6a6df8e245d5b25a
